
Microsoft Visual Studio Solution File, Format Version 12.00
# Visual Studio 15
VisualStudioVersion = 15.0.28307.106
MinimumVisualStudioVersion = 10.0.40219.1
Project("{FAE04EC0-301F-11D3-BF4B-00C04F79EFBC}") = "1.LinkOlusturma", "1.LinkOlusturma\1.LinkOlusturma.csproj", "{3FBDB69E-2121-4EF3-8D17-C42052D394A5}"
EndProject
Project("{FAE04EC0-301F-11D3-BF4B-00C04F79EFBC}") = "2.Layout", "2.Layout\2.Layout.csproj", "{ADF3C955-E953-4F74-A24D-408AD7DB9543}"
EndProject
Project("{FAE04EC0-301F-11D3-BF4B-00C04F79EFBC}") = "3.ViewLayoutSection", "3.ViewLayoutSection\3.ViewLayoutSection.csproj", "{B1DF2117-29BE-4827-9087-B35526D11162}"
EndProject
Global
	GlobalSection(SolutionConfigurationPlatforms) = preSolution
		Debug|Any CPU = Debug|Any CPU
		Release|Any CPU = Release|Any CPU
	EndGlobalSection
	GlobalSection(ProjectConfigurationPlatforms) = postSolution
		{3FBDB69E-2121-4EF3-8D17-C42052D394A5}.Debug|Any CPU.ActiveCfg = Debug|Any CPU
		{3FBDB69E-2121-4EF3-8D17-C42052D394A5}.Debug|Any CPU.Build.0 = Debug|Any CPU
		{3FBDB69E-2121-4EF3-8D17-C42052D394A5}.Release|Any CPU.ActiveCfg = Release|Any CPU
		{3FBDB69E-2121-4EF3-8D17-C42052D394A5}.Release|Any CPU.Build.0 = Release|Any CPU
		{ADF3C955-E953-4F74-A24D-408AD7DB9543}.Debug|Any CPU.ActiveCfg = Debug|Any CPU
		{ADF3C955-E953-4F74-A24D-408AD7DB9543}.Debug|Any CPU.Build.0 = Debug|Any CPU
		{ADF3C955-E953-4F74-A24D-408AD7DB9543}.Release|Any CPU.ActiveCfg = Release|Any CPU
		{ADF3C955-E953-4F74-A24D-408AD7DB9543}.Release|Any CPU.Build.0 = Release|Any CPU
		{B1DF2117-29BE-4827-9087-B35526D11162}.Debug|Any CPU.ActiveCfg = Debug|Any CPU
		{B1DF2117-29BE-4827-9087-B35526D11162}.Debug|Any CPU.Build.0 = Debug|Any CPU
		{B1DF2117-29BE-4827-9087-B35526D11162}.Release|Any CPU.ActiveCfg = Release|Any CPU
		{B1DF2117-29BE-4827-9087-B35526D11162}.Release|Any CPU.Build.0 = Release|Any CPU
	EndGlobalSection
	GlobalSection(SolutionProperties) = preSolution
		HideSolutionNode = FALSE
	EndGlobalSection
	GlobalSection(ExtensibilityGlobals) = postSolution
		SolutionGuid = {5D5F70B8-46A6-4854-B4A8-5051AA5A2272}
	EndGlobalSection
EndGlobal
