
Microsoft Visual Studio Solution File, Format Version 12.00
# Visual Studio 15
VisualStudioVersion = 15.0.28307.106
MinimumVisualStudioVersion = 10.0.40219.1
Project("{FAE04EC0-301F-11D3-BF4B-00C04F79EFBC}") = "1.LinkOlusturma", "1.LinkOlusturma\1.LinkOlusturma.csproj", "{3FBDB69E-2121-4EF3-8D17-C42052D394A5}"
EndProject
Project("{FAE04EC0-301F-11D3-BF4B-00C04F79EFBC}") = "2.Layout", "2.Layout\2.Layout.csproj", "{ADF3C955-E953-4F74-A24D-408AD7DB9543}"
EndProject
Project("{FAE04EC0-301F-11D3-BF4B-00C04F79EFBC}") = "3.ViewLayoutSection", "3.ViewLayoutSection\3.ViewLayoutSection.csproj", "{B1DF2117-29BE-4827-9087-B35526D11162}"
EndProject
Project("{FAE04EC0-301F-11D3-BF4B-00C04F79EFBC}") = "4.PartialKullanımı", "4.PartialKullanımı\4.PartialKullanımı.csproj", "{FBF16C59-2B1C-4392-A7C9-99C0C256B1FD}"
EndProject
Project("{FAE04EC0-301F-11D3-BF4B-00C04F79EFBC}") = "5.ViewStartKullanimi", "5.ViewStartKullanimi\5.ViewStartKullanimi.csproj", "{01B988DD-B3DD-47EF-B026-44A2031CF9BB}"
EndProject
Project("{FAE04EC0-301F-11D3-BF4B-00C04F79EFBC}") = "6.ViewData-ViewBag", "6.ViewData\6.ViewData-ViewBag.csproj", "{DF44AB5B-9CB3-478E-A6E6-6D30E92E9E96}"
EndProject
Project("{FAE04EC0-301F-11D3-BF4B-00C04F79EFBC}") = "7.MVC-CSS Kullanımı", "7.MVC-CSS Kullanımı\7.MVC-CSS Kullanımı.csproj", "{1BD0B60B-D0E3-4B00-8D0D-2396B1A14EEA}"
EndProject
Project("{2150E333-8FDC-42A3-9474-1A3956D46DE8}") = "1.MVC Baslangıc", "1.MVC Baslangıc", "{254FB766-82E6-4A2B-A23F-657181582E40}"
EndProject
Project("{2150E333-8FDC-42A3-9474-1A3956D46DE8}") = "2.Model", "2.Model", "{B5249E1C-30CD-4503-B492-A629F22F84FC}"
EndProject
Project("{FAE04EC0-301F-11D3-BF4B-00C04F79EFBC}") = "1.ModelTanımlama", "1.ModelTanımlama\1.ModelTanımlama.csproj", "{FC7B9E00-D838-494B-90AB-1CB9BEFCF870}"
EndProject
Project("{2150E333-8FDC-42A3-9474-1A3956D46DE8}") = "3.ModelValidation", "3.ModelValidation", "{E7B57B07-D48D-43A4-B97C-050DFE67339C}"
EndProject
Project("{FAE04EC0-301F-11D3-BF4B-00C04F79EFBC}") = "AttributesKullanımı", "AttributesKullanımı\AttributesKullanımı.csproj", "{17DB1ADB-0C81-4AFA-8FFD-F9E3D2BD246D}"
EndProject
Global
	GlobalSection(SolutionConfigurationPlatforms) = preSolution
		Debug|Any CPU = Debug|Any CPU
		Release|Any CPU = Release|Any CPU
	EndGlobalSection
	GlobalSection(ProjectConfigurationPlatforms) = postSolution
		{3FBDB69E-2121-4EF3-8D17-C42052D394A5}.Debug|Any CPU.ActiveCfg = Debug|Any CPU
		{3FBDB69E-2121-4EF3-8D17-C42052D394A5}.Debug|Any CPU.Build.0 = Debug|Any CPU
		{3FBDB69E-2121-4EF3-8D17-C42052D394A5}.Release|Any CPU.ActiveCfg = Release|Any CPU
		{3FBDB69E-2121-4EF3-8D17-C42052D394A5}.Release|Any CPU.Build.0 = Release|Any CPU
		{ADF3C955-E953-4F74-A24D-408AD7DB9543}.Debug|Any CPU.ActiveCfg = Debug|Any CPU
		{ADF3C955-E953-4F74-A24D-408AD7DB9543}.Debug|Any CPU.Build.0 = Debug|Any CPU
		{ADF3C955-E953-4F74-A24D-408AD7DB9543}.Release|Any CPU.ActiveCfg = Release|Any CPU
		{ADF3C955-E953-4F74-A24D-408AD7DB9543}.Release|Any CPU.Build.0 = Release|Any CPU
		{B1DF2117-29BE-4827-9087-B35526D11162}.Debug|Any CPU.ActiveCfg = Debug|Any CPU
		{B1DF2117-29BE-4827-9087-B35526D11162}.Debug|Any CPU.Build.0 = Debug|Any CPU
		{B1DF2117-29BE-4827-9087-B35526D11162}.Release|Any CPU.ActiveCfg = Release|Any CPU
		{B1DF2117-29BE-4827-9087-B35526D11162}.Release|Any CPU.Build.0 = Release|Any CPU
		{FBF16C59-2B1C-4392-A7C9-99C0C256B1FD}.Debug|Any CPU.ActiveCfg = Debug|Any CPU
		{FBF16C59-2B1C-4392-A7C9-99C0C256B1FD}.Debug|Any CPU.Build.0 = Debug|Any CPU
		{FBF16C59-2B1C-4392-A7C9-99C0C256B1FD}.Release|Any CPU.ActiveCfg = Release|Any CPU
		{FBF16C59-2B1C-4392-A7C9-99C0C256B1FD}.Release|Any CPU.Build.0 = Release|Any CPU
		{01B988DD-B3DD-47EF-B026-44A2031CF9BB}.Debug|Any CPU.ActiveCfg = Debug|Any CPU
		{01B988DD-B3DD-47EF-B026-44A2031CF9BB}.Debug|Any CPU.Build.0 = Debug|Any CPU
		{01B988DD-B3DD-47EF-B026-44A2031CF9BB}.Release|Any CPU.ActiveCfg = Release|Any CPU
		{01B988DD-B3DD-47EF-B026-44A2031CF9BB}.Release|Any CPU.Build.0 = Release|Any CPU
		{DF44AB5B-9CB3-478E-A6E6-6D30E92E9E96}.Debug|Any CPU.ActiveCfg = Debug|Any CPU
		{DF44AB5B-9CB3-478E-A6E6-6D30E92E9E96}.Debug|Any CPU.Build.0 = Debug|Any CPU
		{DF44AB5B-9CB3-478E-A6E6-6D30E92E9E96}.Release|Any CPU.ActiveCfg = Release|Any CPU
		{DF44AB5B-9CB3-478E-A6E6-6D30E92E9E96}.Release|Any CPU.Build.0 = Release|Any CPU
		{1BD0B60B-D0E3-4B00-8D0D-2396B1A14EEA}.Debug|Any CPU.ActiveCfg = Debug|Any CPU
		{1BD0B60B-D0E3-4B00-8D0D-2396B1A14EEA}.Debug|Any CPU.Build.0 = Debug|Any CPU
		{1BD0B60B-D0E3-4B00-8D0D-2396B1A14EEA}.Release|Any CPU.ActiveCfg = Release|Any CPU
		{1BD0B60B-D0E3-4B00-8D0D-2396B1A14EEA}.Release|Any CPU.Build.0 = Release|Any CPU
		{FC7B9E00-D838-494B-90AB-1CB9BEFCF870}.Debug|Any CPU.ActiveCfg = Debug|Any CPU
		{FC7B9E00-D838-494B-90AB-1CB9BEFCF870}.Debug|Any CPU.Build.0 = Debug|Any CPU
		{FC7B9E00-D838-494B-90AB-1CB9BEFCF870}.Release|Any CPU.ActiveCfg = Release|Any CPU
		{FC7B9E00-D838-494B-90AB-1CB9BEFCF870}.Release|Any CPU.Build.0 = Release|Any CPU
		{17DB1ADB-0C81-4AFA-8FFD-F9E3D2BD246D}.Debug|Any CPU.ActiveCfg = Debug|Any CPU
		{17DB1ADB-0C81-4AFA-8FFD-F9E3D2BD246D}.Debug|Any CPU.Build.0 = Debug|Any CPU
		{17DB1ADB-0C81-4AFA-8FFD-F9E3D2BD246D}.Release|Any CPU.ActiveCfg = Release|Any CPU
		{17DB1ADB-0C81-4AFA-8FFD-F9E3D2BD246D}.Release|Any CPU.Build.0 = Release|Any CPU
	EndGlobalSection
	GlobalSection(SolutionProperties) = preSolution
		HideSolutionNode = FALSE
	EndGlobalSection
	GlobalSection(NestedProjects) = preSolution
		{3FBDB69E-2121-4EF3-8D17-C42052D394A5} = {254FB766-82E6-4A2B-A23F-657181582E40}
		{ADF3C955-E953-4F74-A24D-408AD7DB9543} = {254FB766-82E6-4A2B-A23F-657181582E40}
		{B1DF2117-29BE-4827-9087-B35526D11162} = {254FB766-82E6-4A2B-A23F-657181582E40}
		{FBF16C59-2B1C-4392-A7C9-99C0C256B1FD} = {254FB766-82E6-4A2B-A23F-657181582E40}
		{01B988DD-B3DD-47EF-B026-44A2031CF9BB} = {254FB766-82E6-4A2B-A23F-657181582E40}
		{DF44AB5B-9CB3-478E-A6E6-6D30E92E9E96} = {254FB766-82E6-4A2B-A23F-657181582E40}
		{1BD0B60B-D0E3-4B00-8D0D-2396B1A14EEA} = {254FB766-82E6-4A2B-A23F-657181582E40}
		{FC7B9E00-D838-494B-90AB-1CB9BEFCF870} = {B5249E1C-30CD-4503-B492-A629F22F84FC}
		{17DB1ADB-0C81-4AFA-8FFD-F9E3D2BD246D} = {E7B57B07-D48D-43A4-B97C-050DFE67339C}
	EndGlobalSection
	GlobalSection(ExtensibilityGlobals) = postSolution
		SolutionGuid = {5D5F70B8-46A6-4854-B4A8-5051AA5A2272}
	EndGlobalSection
EndGlobal
