
Microsoft Visual Studio Solution File, Format Version 12.00
# Visual Studio 15
VisualStudioVersion = 15.0.28307.106
MinimumVisualStudioVersion = 10.0.40219.1
Project("{FAE04EC0-301F-11D3-BF4B-00C04F79EFBC}") = "1.LinkOlusturma", "1.LinkOlusturma\1.LinkOlusturma.csproj", "{3FBDB69E-2121-4EF3-8D17-C42052D394A5}"
EndProject
Project("{FAE04EC0-301F-11D3-BF4B-00C04F79EFBC}") = "2.Layout", "2.Layout\2.Layout.csproj", "{ADF3C955-E953-4F74-A24D-408AD7DB9543}"
EndProject
Project("{FAE04EC0-301F-11D3-BF4B-00C04F79EFBC}") = "3.ViewLayoutSection", "3.ViewLayoutSection\3.ViewLayoutSection.csproj", "{B1DF2117-29BE-4827-9087-B35526D11162}"
EndProject
Project("{FAE04EC0-301F-11D3-BF4B-00C04F79EFBC}") = "4.PartialKullanımı", "4.PartialKullanımı\4.PartialKullanımı.csproj", "{FBF16C59-2B1C-4392-A7C9-99C0C256B1FD}"
EndProject
Project("{FAE04EC0-301F-11D3-BF4B-00C04F79EFBC}") = "5.ViewStartKullanimi", "5.ViewStartKullanimi\5.ViewStartKullanimi.csproj", "{01B988DD-B3DD-47EF-B026-44A2031CF9BB}"
EndProject
Project("{FAE04EC0-301F-11D3-BF4B-00C04F79EFBC}") = "6.ViewData-ViewBag", "6.ViewData\6.ViewData-ViewBag.csproj", "{DF44AB5B-9CB3-478E-A6E6-6D30E92E9E96}"
EndProject
Project("{FAE04EC0-301F-11D3-BF4B-00C04F79EFBC}") = "7.MVC-CSS Kullanımı", "7.MVC-CSS Kullanımı\7.MVC-CSS Kullanımı.csproj", "{1BD0B60B-D0E3-4B00-8D0D-2396B1A14EEA}"
EndProject
Project("{2150E333-8FDC-42A3-9474-1A3956D46DE8}") = "1.MVC Baslangıc", "1.MVC Baslangıc", "{254FB766-82E6-4A2B-A23F-657181582E40}"
EndProject
Project("{2150E333-8FDC-42A3-9474-1A3956D46DE8}") = "2.Model", "2.Model", "{B5249E1C-30CD-4503-B492-A629F22F84FC}"
EndProject
Project("{FAE04EC0-301F-11D3-BF4B-00C04F79EFBC}") = "1.ModelTanımlama", "1.ModelTanımlama\1.ModelTanımlama.csproj", "{FC7B9E00-D838-494B-90AB-1CB9BEFCF870}"
EndProject
Project("{2150E333-8FDC-42A3-9474-1A3956D46DE8}") = "3.ModelValidation", "3.ModelValidation", "{E7B57B07-D48D-43A4-B97C-050DFE67339C}"
EndProject
Project("{FAE04EC0-301F-11D3-BF4B-00C04F79EFBC}") = "AttributesKullanımı", "AttributesKullanımı\AttributesKullanımı.csproj", "{17DB1ADB-0C81-4AFA-8FFD-F9E3D2BD246D}"
EndProject
Project("{2150E333-8FDC-42A3-9474-1A3956D46DE8}") = "4.Entity", "4.Entity", "{7F750C66-578D-46BB-B021-6AC720B82566}"
EndProject
Project("{FAE04EC0-301F-11D3-BF4B-00C04F79EFBC}") = "EntityFrameworkKullanimi", "EntityFrameworkKullanimi\EntityFrameworkKullanimi.csproj", "{A35429EA-E07F-463E-B70A-B117823C11AC}"
EndProject
Project("{2150E333-8FDC-42A3-9474-1A3956D46DE8}") = "5.Controller", "5.Controller", "{660E2A6C-B237-49FC-8623-1632C85F1217}"
EndProject
Project("{FAE04EC0-301F-11D3-BF4B-00C04F79EFBC}") = "ControllerOrnegi", "ControllerOrnegi\ControllerOrnegi.csproj", "{D9EC5BB8-06EA-4B0A-BC34-74C376561C5D}"
EndProject
Project("{2150E333-8FDC-42A3-9474-1A3956D46DE8}") = "6.Departman Uygulaması", "6.Departman Uygulaması", "{81791A7F-A0EC-4406-9C06-0B56426F187C}"
EndProject
Project("{FAE04EC0-301F-11D3-BF4B-00C04F79EFBC}") = "DepatmanOrneği", "DepatmanOrneği\DepatmanOrneği.csproj", "{B183E142-31EF-4932-B001-856FE2F7DAA2}"
EndProject
Project("{2150E333-8FDC-42A3-9474-1A3956D46DE8}") = "7.Tema Giydirme", "7.Tema Giydirme", "{85475E91-11A3-435D-B21F-FFF22F9C2CEC}"
EndProject
Project("{FAE04EC0-301F-11D3-BF4B-00C04F79EFBC}") = "Tema", "Tema\Tema.csproj", "{1BBF080B-F5AF-40E8-BCD7-AFE64FB23A1E}"
EndProject
Global
	GlobalSection(SolutionConfigurationPlatforms) = preSolution
		Debug|Any CPU = Debug|Any CPU
		Release|Any CPU = Release|Any CPU
	EndGlobalSection
	GlobalSection(ProjectConfigurationPlatforms) = postSolution
		{3FBDB69E-2121-4EF3-8D17-C42052D394A5}.Debug|Any CPU.ActiveCfg = Debug|Any CPU
		{3FBDB69E-2121-4EF3-8D17-C42052D394A5}.Debug|Any CPU.Build.0 = Debug|Any CPU
		{3FBDB69E-2121-4EF3-8D17-C42052D394A5}.Release|Any CPU.ActiveCfg = Release|Any CPU
		{3FBDB69E-2121-4EF3-8D17-C42052D394A5}.Release|Any CPU.Build.0 = Release|Any CPU
		{ADF3C955-E953-4F74-A24D-408AD7DB9543}.Debug|Any CPU.ActiveCfg = Debug|Any CPU
		{ADF3C955-E953-4F74-A24D-408AD7DB9543}.Debug|Any CPU.Build.0 = Debug|Any CPU
		{ADF3C955-E953-4F74-A24D-408AD7DB9543}.Release|Any CPU.ActiveCfg = Release|Any CPU
		{ADF3C955-E953-4F74-A24D-408AD7DB9543}.Release|Any CPU.Build.0 = Release|Any CPU
		{B1DF2117-29BE-4827-9087-B35526D11162}.Debug|Any CPU.ActiveCfg = Debug|Any CPU
		{B1DF2117-29BE-4827-9087-B35526D11162}.Debug|Any CPU.Build.0 = Debug|Any CPU
		{B1DF2117-29BE-4827-9087-B35526D11162}.Release|Any CPU.ActiveCfg = Release|Any CPU
		{B1DF2117-29BE-4827-9087-B35526D11162}.Release|Any CPU.Build.0 = Release|Any CPU
		{FBF16C59-2B1C-4392-A7C9-99C0C256B1FD}.Debug|Any CPU.ActiveCfg = Debug|Any CPU
		{FBF16C59-2B1C-4392-A7C9-99C0C256B1FD}.Debug|Any CPU.Build.0 = Debug|Any CPU
		{FBF16C59-2B1C-4392-A7C9-99C0C256B1FD}.Release|Any CPU.ActiveCfg = Release|Any CPU
		{FBF16C59-2B1C-4392-A7C9-99C0C256B1FD}.Release|Any CPU.Build.0 = Release|Any CPU
		{01B988DD-B3DD-47EF-B026-44A2031CF9BB}.Debug|Any CPU.ActiveCfg = Debug|Any CPU
		{01B988DD-B3DD-47EF-B026-44A2031CF9BB}.Debug|Any CPU.Build.0 = Debug|Any CPU
		{01B988DD-B3DD-47EF-B026-44A2031CF9BB}.Release|Any CPU.ActiveCfg = Release|Any CPU
		{01B988DD-B3DD-47EF-B026-44A2031CF9BB}.Release|Any CPU.Build.0 = Release|Any CPU
		{DF44AB5B-9CB3-478E-A6E6-6D30E92E9E96}.Debug|Any CPU.ActiveCfg = Debug|Any CPU
		{DF44AB5B-9CB3-478E-A6E6-6D30E92E9E96}.Debug|Any CPU.Build.0 = Debug|Any CPU
		{DF44AB5B-9CB3-478E-A6E6-6D30E92E9E96}.Release|Any CPU.ActiveCfg = Release|Any CPU
		{DF44AB5B-9CB3-478E-A6E6-6D30E92E9E96}.Release|Any CPU.Build.0 = Release|Any CPU
		{1BD0B60B-D0E3-4B00-8D0D-2396B1A14EEA}.Debug|Any CPU.ActiveCfg = Debug|Any CPU
		{1BD0B60B-D0E3-4B00-8D0D-2396B1A14EEA}.Debug|Any CPU.Build.0 = Debug|Any CPU
		{1BD0B60B-D0E3-4B00-8D0D-2396B1A14EEA}.Release|Any CPU.ActiveCfg = Release|Any CPU
		{1BD0B60B-D0E3-4B00-8D0D-2396B1A14EEA}.Release|Any CPU.Build.0 = Release|Any CPU
		{FC7B9E00-D838-494B-90AB-1CB9BEFCF870}.Debug|Any CPU.ActiveCfg = Debug|Any CPU
		{FC7B9E00-D838-494B-90AB-1CB9BEFCF870}.Debug|Any CPU.Build.0 = Debug|Any CPU
		{FC7B9E00-D838-494B-90AB-1CB9BEFCF870}.Release|Any CPU.ActiveCfg = Release|Any CPU
		{FC7B9E00-D838-494B-90AB-1CB9BEFCF870}.Release|Any CPU.Build.0 = Release|Any CPU
		{17DB1ADB-0C81-4AFA-8FFD-F9E3D2BD246D}.Debug|Any CPU.ActiveCfg = Debug|Any CPU
		{17DB1ADB-0C81-4AFA-8FFD-F9E3D2BD246D}.Debug|Any CPU.Build.0 = Debug|Any CPU
		{17DB1ADB-0C81-4AFA-8FFD-F9E3D2BD246D}.Release|Any CPU.ActiveCfg = Release|Any CPU
		{17DB1ADB-0C81-4AFA-8FFD-F9E3D2BD246D}.Release|Any CPU.Build.0 = Release|Any CPU
		{A35429EA-E07F-463E-B70A-B117823C11AC}.Debug|Any CPU.ActiveCfg = Debug|Any CPU
		{A35429EA-E07F-463E-B70A-B117823C11AC}.Debug|Any CPU.Build.0 = Debug|Any CPU
		{A35429EA-E07F-463E-B70A-B117823C11AC}.Release|Any CPU.ActiveCfg = Release|Any CPU
		{A35429EA-E07F-463E-B70A-B117823C11AC}.Release|Any CPU.Build.0 = Release|Any CPU
		{D9EC5BB8-06EA-4B0A-BC34-74C376561C5D}.Debug|Any CPU.ActiveCfg = Debug|Any CPU
		{D9EC5BB8-06EA-4B0A-BC34-74C376561C5D}.Debug|Any CPU.Build.0 = Debug|Any CPU
		{D9EC5BB8-06EA-4B0A-BC34-74C376561C5D}.Release|Any CPU.ActiveCfg = Release|Any CPU
		{D9EC5BB8-06EA-4B0A-BC34-74C376561C5D}.Release|Any CPU.Build.0 = Release|Any CPU
		{B183E142-31EF-4932-B001-856FE2F7DAA2}.Debug|Any CPU.ActiveCfg = Debug|Any CPU
		{B183E142-31EF-4932-B001-856FE2F7DAA2}.Debug|Any CPU.Build.0 = Debug|Any CPU
		{B183E142-31EF-4932-B001-856FE2F7DAA2}.Release|Any CPU.ActiveCfg = Release|Any CPU
		{B183E142-31EF-4932-B001-856FE2F7DAA2}.Release|Any CPU.Build.0 = Release|Any CPU
		{1BBF080B-F5AF-40E8-BCD7-AFE64FB23A1E}.Debug|Any CPU.ActiveCfg = Debug|Any CPU
		{1BBF080B-F5AF-40E8-BCD7-AFE64FB23A1E}.Debug|Any CPU.Build.0 = Debug|Any CPU
		{1BBF080B-F5AF-40E8-BCD7-AFE64FB23A1E}.Release|Any CPU.ActiveCfg = Release|Any CPU
		{1BBF080B-F5AF-40E8-BCD7-AFE64FB23A1E}.Release|Any CPU.Build.0 = Release|Any CPU
	EndGlobalSection
	GlobalSection(SolutionProperties) = preSolution
		HideSolutionNode = FALSE
	EndGlobalSection
	GlobalSection(NestedProjects) = preSolution
		{3FBDB69E-2121-4EF3-8D17-C42052D394A5} = {254FB766-82E6-4A2B-A23F-657181582E40}
		{ADF3C955-E953-4F74-A24D-408AD7DB9543} = {254FB766-82E6-4A2B-A23F-657181582E40}
		{B1DF2117-29BE-4827-9087-B35526D11162} = {254FB766-82E6-4A2B-A23F-657181582E40}
		{FBF16C59-2B1C-4392-A7C9-99C0C256B1FD} = {254FB766-82E6-4A2B-A23F-657181582E40}
		{01B988DD-B3DD-47EF-B026-44A2031CF9BB} = {254FB766-82E6-4A2B-A23F-657181582E40}
		{DF44AB5B-9CB3-478E-A6E6-6D30E92E9E96} = {254FB766-82E6-4A2B-A23F-657181582E40}
		{1BD0B60B-D0E3-4B00-8D0D-2396B1A14EEA} = {254FB766-82E6-4A2B-A23F-657181582E40}
		{FC7B9E00-D838-494B-90AB-1CB9BEFCF870} = {B5249E1C-30CD-4503-B492-A629F22F84FC}
		{17DB1ADB-0C81-4AFA-8FFD-F9E3D2BD246D} = {E7B57B07-D48D-43A4-B97C-050DFE67339C}
		{A35429EA-E07F-463E-B70A-B117823C11AC} = {7F750C66-578D-46BB-B021-6AC720B82566}
		{D9EC5BB8-06EA-4B0A-BC34-74C376561C5D} = {660E2A6C-B237-49FC-8623-1632C85F1217}
		{B183E142-31EF-4932-B001-856FE2F7DAA2} = {81791A7F-A0EC-4406-9C06-0B56426F187C}
		{1BBF080B-F5AF-40E8-BCD7-AFE64FB23A1E} = {85475E91-11A3-435D-B21F-FFF22F9C2CEC}
	EndGlobalSection
	GlobalSection(ExtensibilityGlobals) = postSolution
		SolutionGuid = {5D5F70B8-46A6-4854-B4A8-5051AA5A2272}
	EndGlobalSection
EndGlobal
